
Microsoft Visual Studio Solution File, Format Version 12.00
# Visual Studio 15
VisualStudioVersion = 15.0.26124.0
MinimumVisualStudioVersion = 15.0.26124.0
Project("{FAE04EC0-301F-11D3-BF4B-00C04F79EFBC}") = "veterinariadotnet", "veterinariadotnet\veterinariadotnet.csproj", "{DAF247DD-A0B7-462C-BC63-BFF2C3E823E0}"
EndProject
Project("{FAE04EC0-301F-11D3-BF4B-00C04F79EFBC}") = "Logica", "Logica\Logica.csproj", "{70C41D34-5CEC-42BF-BE05-242A426D76F2}"
EndProject
Project("{FAE04EC0-301F-11D3-BF4B-00C04F79EFBC}") = "Datos", "Datos\Datos.csproj", "{A9130CA8-C69F-4562-965B-46AD97E68D85}"
EndProject
Project("{FAE04EC0-301F-11D3-BF4B-00C04F79EFBC}") = "Entidad", "Entidad\Entidad.csproj", "{B14A8306-C9FF-4ED4-A42D-FFB4FED98AFD}"
EndProject
Global
	GlobalSection(SolutionConfigurationPlatforms) = preSolution
		Debug|Any CPU = Debug|Any CPU
		Debug|x64 = Debug|x64
		Debug|x86 = Debug|x86
		Release|Any CPU = Release|Any CPU
		Release|x64 = Release|x64
		Release|x86 = Release|x86
	EndGlobalSection
	GlobalSection(SolutionProperties) = preSolution
		HideSolutionNode = FALSE
	EndGlobalSection
	GlobalSection(ProjectConfigurationPlatforms) = postSolution
		{DAF247DD-A0B7-462C-BC63-BFF2C3E823E0}.Debug|Any CPU.ActiveCfg = Debug|Any CPU
		{DAF247DD-A0B7-462C-BC63-BFF2C3E823E0}.Debug|Any CPU.Build.0 = Debug|Any CPU
		{DAF247DD-A0B7-462C-BC63-BFF2C3E823E0}.Debug|x64.ActiveCfg = Debug|Any CPU
		{DAF247DD-A0B7-462C-BC63-BFF2C3E823E0}.Debug|x64.Build.0 = Debug|Any CPU
		{DAF247DD-A0B7-462C-BC63-BFF2C3E823E0}.Debug|x86.ActiveCfg = Debug|Any CPU
		{DAF247DD-A0B7-462C-BC63-BFF2C3E823E0}.Debug|x86.Build.0 = Debug|Any CPU
		{DAF247DD-A0B7-462C-BC63-BFF2C3E823E0}.Release|Any CPU.ActiveCfg = Release|Any CPU
		{DAF247DD-A0B7-462C-BC63-BFF2C3E823E0}.Release|Any CPU.Build.0 = Release|Any CPU
		{DAF247DD-A0B7-462C-BC63-BFF2C3E823E0}.Release|x64.ActiveCfg = Release|Any CPU
		{DAF247DD-A0B7-462C-BC63-BFF2C3E823E0}.Release|x64.Build.0 = Release|Any CPU
		{DAF247DD-A0B7-462C-BC63-BFF2C3E823E0}.Release|x86.ActiveCfg = Release|Any CPU
		{DAF247DD-A0B7-462C-BC63-BFF2C3E823E0}.Release|x86.Build.0 = Release|Any CPU
		{70C41D34-5CEC-42BF-BE05-242A426D76F2}.Debug|Any CPU.ActiveCfg = Debug|Any CPU
		{70C41D34-5CEC-42BF-BE05-242A426D76F2}.Debug|Any CPU.Build.0 = Debug|Any CPU
		{70C41D34-5CEC-42BF-BE05-242A426D76F2}.Debug|x64.ActiveCfg = Debug|Any CPU
		{70C41D34-5CEC-42BF-BE05-242A426D76F2}.Debug|x64.Build.0 = Debug|Any CPU
		{70C41D34-5CEC-42BF-BE05-242A426D76F2}.Debug|x86.ActiveCfg = Debug|Any CPU
		{70C41D34-5CEC-42BF-BE05-242A426D76F2}.Debug|x86.Build.0 = Debug|Any CPU
		{70C41D34-5CEC-42BF-BE05-242A426D76F2}.Release|Any CPU.ActiveCfg = Release|Any CPU
		{70C41D34-5CEC-42BF-BE05-242A426D76F2}.Release|Any CPU.Build.0 = Release|Any CPU
		{70C41D34-5CEC-42BF-BE05-242A426D76F2}.Release|x64.ActiveCfg = Release|Any CPU
		{70C41D34-5CEC-42BF-BE05-242A426D76F2}.Release|x64.Build.0 = Release|Any CPU
		{70C41D34-5CEC-42BF-BE05-242A426D76F2}.Release|x86.ActiveCfg = Release|Any CPU
		{70C41D34-5CEC-42BF-BE05-242A426D76F2}.Release|x86.Build.0 = Release|Any CPU
		{A9130CA8-C69F-4562-965B-46AD97E68D85}.Debug|Any CPU.ActiveCfg = Debug|Any CPU
		{A9130CA8-C69F-4562-965B-46AD97E68D85}.Debug|Any CPU.Build.0 = Debug|Any CPU
		{A9130CA8-C69F-4562-965B-46AD97E68D85}.Debug|x64.ActiveCfg = Debug|Any CPU
		{A9130CA8-C69F-4562-965B-46AD97E68D85}.Debug|x64.Build.0 = Debug|Any CPU
		{A9130CA8-C69F-4562-965B-46AD97E68D85}.Debug|x86.ActiveCfg = Debug|Any CPU
		{A9130CA8-C69F-4562-965B-46AD97E68D85}.Debug|x86.Build.0 = Debug|Any CPU
		{A9130CA8-C69F-4562-965B-46AD97E68D85}.Release|Any CPU.ActiveCfg = Release|Any CPU
		{A9130CA8-C69F-4562-965B-46AD97E68D85}.Release|Any CPU.Build.0 = Release|Any CPU
		{A9130CA8-C69F-4562-965B-46AD97E68D85}.Release|x64.ActiveCfg = Release|Any CPU
		{A9130CA8-C69F-4562-965B-46AD97E68D85}.Release|x64.Build.0 = Release|Any CPU
		{A9130CA8-C69F-4562-965B-46AD97E68D85}.Release|x86.ActiveCfg = Release|Any CPU
		{A9130CA8-C69F-4562-965B-46AD97E68D85}.Release|x86.Build.0 = Release|Any CPU
		{B14A8306-C9FF-4ED4-A42D-FFB4FED98AFD}.Debug|Any CPU.ActiveCfg = Debug|Any CPU
		{B14A8306-C9FF-4ED4-A42D-FFB4FED98AFD}.Debug|Any CPU.Build.0 = Debug|Any CPU
		{B14A8306-C9FF-4ED4-A42D-FFB4FED98AFD}.Debug|x64.ActiveCfg = Debug|Any CPU
		{B14A8306-C9FF-4ED4-A42D-FFB4FED98AFD}.Debug|x64.Build.0 = Debug|Any CPU
		{B14A8306-C9FF-4ED4-A42D-FFB4FED98AFD}.Debug|x86.ActiveCfg = Debug|Any CPU
		{B14A8306-C9FF-4ED4-A42D-FFB4FED98AFD}.Debug|x86.Build.0 = Debug|Any CPU
		{B14A8306-C9FF-4ED4-A42D-FFB4FED98AFD}.Release|Any CPU.ActiveCfg = Release|Any CPU
		{B14A8306-C9FF-4ED4-A42D-FFB4FED98AFD}.Release|Any CPU.Build.0 = Release|Any CPU
		{B14A8306-C9FF-4ED4-A42D-FFB4FED98AFD}.Release|x64.ActiveCfg = Release|Any CPU
		{B14A8306-C9FF-4ED4-A42D-FFB4FED98AFD}.Release|x64.Build.0 = Release|Any CPU
		{B14A8306-C9FF-4ED4-A42D-FFB4FED98AFD}.Release|x86.ActiveCfg = Release|Any CPU
		{B14A8306-C9FF-4ED4-A42D-FFB4FED98AFD}.Release|x86.Build.0 = Release|Any CPU
	EndGlobalSection
EndGlobal
